# This file is generated by running "yarn install" inside your project.
# Manual changes might be lost - proceed with caution!

__metadata:
  version: 4
  cacheKey: 7

"std-pour@npm:^1.1.0":
  version: 1.1.0
  resolution: "std-pour@npm:1.1.0"
  checksum: 879adfe54403ff64a27a0e1f70c46817aa8a7117abad2e4b2f7289dd03ab971110f732a4a421532607a5bdb7b1092c482da7d0aa8efacc7fe999be23b50b5f96
  languageName: node
  linkType: hard

"tstemplate@workspace:.":
  version: 0.0.0-use.local
  resolution: "tstemplate@workspace:."
  dependencies:
    std-pour: ^1.1.0
    typescript: latest
    yarn: latest
  languageName: unknown
  linkType: soft

typescript@latest:
  version: 4.3.5
  resolution: "typescript@npm:4.3.5"
  bin:
    tsc: bin/tsc
    tsserver: bin/tsserver
  checksum: d9a8e78d72dd19896e6bfa73ab2a0fcea6eca2700d1d6e7c33f67a970af54a3e0fed8f715a8c4e6a0ff7fc0995067b394b2003518ab0aa84cd396377e54b760c
  languageName: node
  linkType: hard

"typescript@patch:typescript@latest#builtin<compat/typescript>":
  version: 4.3.5
  resolution: "typescript@patch:typescript@npm%3A4.3.5#builtin<compat/typescript>::version=4.3.5&hash=ddfc1b"
  bin:
    tsc: bin/tsc
    tsserver: bin/tsserver
  checksum: 7f0b8343f71ecac18095be1476b398aca420ab60dc207cc1efe078f381eef5527b80a518297720257114cdbda65612f8839e4b63e85dc95e67ac5cbbade8bdf0
  languageName: node
  linkType: hard

"yarn@npm:latest":
  version: 1.22.10
  resolution: "yarn@npm:1.22.10"
  bin:
    yarn: bin/yarn.js
    yarnpkg: bin/yarn.js
  checksum: e43c2102576ac3d79f58f6cddc36726e39d54357bbdd2b9af8ad94d8368e63170555acb4652af08a04354e1a92555d5b293936f9d9b3c8b066872ac11f32cb29
  languageName: node
  linkType: hard
